
Microsoft Visual Studio Solution File, Format Version 12.00
# Visual Studio Version 16
VisualStudioVersion = 16.0.31613.86
MinimumVisualStudioVersion = 10.0.40219.1
Project("{FAE04EC0-301F-11D3-BF4B-00C04F79EFBC}") = "WpfApp1", "WpfApp1\WpfApp1.csproj", "{2C5F5FCD-C320-4EC8-9503-139976B0AEBD}"
EndProject
Global
	GlobalSection(SolutionConfigurationPlatforms) = preSolution
		Debug|Any CPU = Debug|Any CPU
		Release|Any CPU = Release|Any CPU
	EndGlobalSection
	GlobalSection(ProjectConfigurationPlatforms) = postSolution
		{2C5F5FCD-C320-4EC8-9503-139976B0AEBD}.Debug|Any CPU.ActiveCfg = Debug|Any CPU
		{2C5F5FCD-C320-4EC8-9503-139976B0AEBD}.Debug|Any CPU.Build.0 = Debug|Any CPU
		{2C5F5FCD-C320-4EC8-9503-139976B0AEBD}.Release|Any CPU.ActiveCfg = Release|Any CPU
		{2C5F5FCD-C320-4EC8-9503-139976B0AEBD}.Release|Any CPU.Build.0 = Release|Any CPU
	EndGlobalSection
	GlobalSection(SolutionProperties) = preSolution
		HideSolutionNode = FALSE
	EndGlobalSection
	GlobalSection(ExtensibilityGlobals) = postSolution
		SolutionGuid = {CCC3037D-7366-441D-AF6F-1A7865C783A0}
	EndGlobalSection
EndGlobal
